// !$*UTF8*$!
{
	archiveVersion = 1;
	classes = {
	};
	objectVersion = 50;
	objects = {

/* Begin PBXBuildFile section */
		8D8E272D258C82870044ECC4 /* AppDelegate.swift in Sources */ = {isa = PBXBuildFile; fileRef = 8D8E272C258C82870044ECC4 /* AppDelegate.swift */; };
		8D8E272F258C82870044ECC4 /* SceneDelegate.swift in Sources */ = {isa = PBXBuildFile; fileRef = 8D8E272E258C82870044ECC4 /* SceneDelegate.swift */; };
		8D8E2731258C82870044ECC4 /* ViewController.swift in Sources */ = {isa = PBXBuildFile; fileRef = 8D8E2730258C82870044ECC4 /* ViewController.swift */; };
		8D8E2737258C82870044ECC4 /* TopNews.xcdatamodeld in Sources */ = {isa = PBXBuildFile; fileRef = 8D8E2735258C82870044ECC4 /* TopNews.xcdatamodeld */; };
		8D8E2739258C828B0044ECC4 /* Assets.xcassets in Resources */ = {isa = PBXBuildFile; fileRef = 8D8E2738258C828B0044ECC4 /* Assets.xcassets */; };
		8D8E273C258C828B0044ECC4 /* LaunchScreen.storyboard in Resources */ = {isa = PBXBuildFile; fileRef = 8D8E273A258C828B0044ECC4 /* LaunchScreen.storyboard */; };
		8D8E2747258C828B0044ECC4 /* TopNewsTests.swift in Sources */ = {isa = PBXBuildFile; fileRef = 8D8E2746258C828B0044ECC4 /* TopNewsTests.swift */; };
		8D8E2752258C828C0044ECC4 /* TopNewsUITests.swift in Sources */ = {isa = PBXBuildFile; fileRef = 8D8E2751258C828C0044ECC4 /* TopNewsUITests.swift */; };
		8D8E2763258C89AC0044ECC4 /* NewsFedd.swift in Sources */ = {isa = PBXBuildFile; fileRef = 8D8E2762258C89AC0044ECC4 /* NewsFedd.swift */; };
		8D8E276B258C98420044ECC4 /* CollectionViewController.swift in Sources */ = {isa = PBXBuildFile; fileRef = 8D8E276A258C98420044ECC4 /* CollectionViewController.swift */; };
		8D8E2770258C98520044ECC4 /* Extensions.swift in Sources */ = {isa = PBXBuildFile; fileRef = 8D8E276F258C98520044ECC4 /* Extensions.swift */; };
		8D8E2782258CAFB10044ECC4 /* NewsCell.swift in Sources */ = {isa = PBXBuildFile; fileRef = 8D8E2781258CAFB10044ECC4 /* NewsCell.swift */; };
		8D8E278A258CBD2B0044ECC4 /* NewsDetailViewController.swift in Sources */ = {isa = PBXBuildFile; fileRef = 8D8E2789258CBD2B0044ECC4 /* NewsDetailViewController.swift */; };
		8D8E2792258CCF9C0044ECC4 /* WebViewController.swift in Sources */ = {isa = PBXBuildFile; fileRef = 8D8E2791258CCF9C0044ECC4 /* WebViewController.swift */; };
/* End PBXBuildFile section */

/* Begin PBXContainerItemProxy section */
		8D8E2743258C828B0044ECC4 /* PBXContainerItemProxy */ = {
			isa = PBXContainerItemProxy;
			containerPortal = 8D8E2721258C82870044ECC4 /* Project object */;
			proxyType = 1;
			remoteGlobalIDString = 8D8E2728258C82870044ECC4;
			remoteInfo = TopNews;
		};
		8D8E274E258C828B0044ECC4 /* PBXContainerItemProxy */ = {
			isa = PBXContainerItemProxy;
			containerPortal = 8D8E2721258C82870044ECC4 /* Project object */;
			proxyType = 1;
			remoteGlobalIDString = 8D8E2728258C82870044ECC4;
			remoteInfo = TopNews;
		};
/* End PBXContainerItemProxy section */

/* Begin PBXFileReference section */
		8D8E2729258C82870044ECC4 /* TopNews.app */ = {isa = PBXFileReference; explicitFileType = wrapper.application; includeInIndex = 0; path = TopNews.app; sourceTree = BUILT_PRODUCTS_DIR; };
		8D8E272C258C82870044ECC4 /* AppDelegate.swift */ = {isa = PBXFileReference; lastKnownFileType = sourcecode.swift; path = AppDelegate.swift; sourceTree = "<group>"; };
		8D8E272E258C82870044ECC4 /* SceneDelegate.swift */ = {isa = PBXFileReference; lastKnownFileType = sourcecode.swift; path = SceneDelegate.swift; sourceTree = "<group>"; };
		8D8E2730258C82870044ECC4 /* ViewController.swift */ = {isa = PBXFileReference; lastKnownFileType = sourcecode.swift; path = ViewController.swift; sourceTree = "<group>"; };
		8D8E2736258C82870044ECC4 /* TopNews.xcdatamodel */ = {isa = PBXFileReference; lastKnownFileType = wrapper.xcdatamodel; path = TopNews.xcdatamodel; sourceTree = "<group>"; };
		8D8E2738258C828B0044ECC4 /* Assets.xcassets */ = {isa = PBXFileReference; lastKnownFileType = folder.assetcatalog; path = Assets.xcassets; sourceTree = "<group>"; };
		8D8E273B258C828B0044ECC4 /* Base */ = {isa = PBXFileReference; lastKnownFileType = file.storyboard; name = Base; path = Base.lproj/LaunchScreen.storyboard; sourceTree = "<group>"; };
		8D8E273D258C828B0044ECC4 /* Info.plist */ = {isa = PBXFileReference; lastKnownFileType = text.plist.xml; path = Info.plist; sourceTree = "<group>"; };
		8D8E2742258C828B0044ECC4 /* TopNewsTests.xctest */ = {isa = PBXFileReference; explicitFileType = wrapper.cfbundle; includeInIndex = 0; path = TopNewsTests.xctest; sourceTree = BUILT_PRODUCTS_DIR; };
		8D8E2746258C828B0044ECC4 /* TopNewsTests.swift */ = {isa = PBXFileReference; lastKnownFileType = sourcecode.swift; path = TopNewsTests.swift; sourceTree = "<group>"; };
		8D8E2748258C828B0044ECC4 /* Info.plist */ = {isa = PBXFileReference; lastKnownFileType = text.plist.xml; path = Info.plist; sourceTree = "<group>"; };
		8D8E274D258C828B0044ECC4 /* TopNewsUITests.xctest */ = {isa = PBXFileReference; explicitFileType = wrapper.cfbundle; includeInIndex = 0; path = TopNewsUITests.xctest; sourceTree = BUILT_PRODUCTS_DIR; };
		8D8E2751258C828C0044ECC4 /* TopNewsUITests.swift */ = {isa = PBXFileReference; lastKnownFileType = sourcecode.swift; path = TopNewsUITests.swift; sourceTree = "<group>"; };
		8D8E2753258C828C0044ECC4 /* Info.plist */ = {isa = PBXFileReference; lastKnownFileType = text.plist.xml; path = Info.plist; sourceTree = "<group>"; };
		8D8E2762258C89AC0044ECC4 /* NewsFedd.swift */ = {isa = PBXFileReference; lastKnownFileType = sourcecode.swift; path = NewsFedd.swift; sourceTree = "<group>"; };
		8D8E276A258C98420044ECC4 /* CollectionViewController.swift */ = {isa = PBXFileReference; lastKnownFileType = sourcecode.swift; path = CollectionViewController.swift; sourceTree = "<group>"; };
		8D8E276F258C98520044ECC4 /* Extensions.swift */ = {isa = PBXFileReference; lastKnownFileType = sourcecode.swift; path = Extensions.swift; sourceTree = "<group>"; };
		8D8E2781258CAFB10044ECC4 /* NewsCell.swift */ = {isa = PBXFileReference; lastKnownFileType = sourcecode.swift; path = NewsCell.swift; sourceTree = "<group>"; };
		8D8E2789258CBD2B0044ECC4 /* NewsDetailViewController.swift */ = {isa = PBXFileReference; lastKnownFileType = sourcecode.swift; path = NewsDetailViewController.swift; sourceTree = "<group>"; };
		8D8E2791258CCF9C0044ECC4 /* WebViewController.swift */ = {isa = PBXFileReference; lastKnownFileType = sourcecode.swift; path = WebViewController.swift; sourceTree = "<group>"; };
/* End PBXFileReference section */

/* Begin PBXFrameworksBuildPhase section */
		8D8E2726258C82870044ECC4 /* Frameworks */ = {
			isa = PBXFrameworksBuildPhase;
			buildActionMask = 2147483647;
			files = (
			);
			runOnlyForDeploymentPostprocessing = 0;
		};
		8D8E273F258C828B0044ECC4 /* Frameworks */ = {
			isa = PBXFrameworksBuildPhase;
			buildActionMask = 2147483647;
			files = (
			);
			runOnlyForDeploymentPostprocessing = 0;
		};
		8D8E274A258C828B0044ECC4 /* Frameworks */ = {
			isa = PBXFrameworksBuildPhase;
			buildActionMask = 2147483647;
			files = (
			);
			runOnlyForDeploymentPostprocessing = 0;
		};
/* End PBXFrameworksBuildPhase section */

/* Begin PBXGroup section */
		8D8E2720258C82870044ECC4 = {
			isa = PBXGroup;
			children = (
				8D8E272B258C82870044ECC4 /* TopNews */,
				8D8E2745258C828B0044ECC4 /* TopNewsTests */,
				8D8E2750258C828B0044ECC4 /* TopNewsUITests */,
				8D8E272A258C82870044ECC4 /* Products */,
			);
			sourceTree = "<group>";
		};
		8D8E272A258C82870044ECC4 /* Products */ = {
			isa = PBXGroup;
			children = (
				8D8E2729258C82870044ECC4 /* TopNews.app */,
				8D8E2742258C828B0044ECC4 /* TopNewsTests.xctest */,
				8D8E274D258C828B0044ECC4 /* TopNewsUITests.xctest */,
			);
			name = Products;
			sourceTree = "<group>";
		};
		8D8E272B258C82870044ECC4 /* TopNews */ = {
			isa = PBXGroup;
			children = (
				8D8E272C258C82870044ECC4 /* AppDelegate.swift */,
				8D8E272E258C82870044ECC4 /* SceneDelegate.swift */,
				8D8E2730258C82870044ECC4 /* ViewController.swift */,
				8D8E276A258C98420044ECC4 /* CollectionViewController.swift */,
				8D8E2789258CBD2B0044ECC4 /* NewsDetailViewController.swift */,
				8D8E2791258CCF9C0044ECC4 /* WebViewController.swift */,
				8D8E2781258CAFB10044ECC4 /* NewsCell.swift */,
				8D8E276F258C98520044ECC4 /* Extensions.swift */,
				8D8E2762258C89AC0044ECC4 /* NewsFedd.swift */,
				8D8E2738258C828B0044ECC4 /* Assets.xcassets */,
				8D8E273A258C828B0044ECC4 /* LaunchScreen.storyboard */,
				8D8E273D258C828B0044ECC4 /* Info.plist */,
				8D8E2735258C82870044ECC4 /* TopNews.xcdatamodeld */,
			);
			path = TopNews;
			sourceTree = "<group>";
		};
		8D8E2745258C828B0044ECC4 /* TopNewsTests */ = {
			isa = PBXGroup;
			children = (
				8D8E2746258C828B0044ECC4 /* TopNewsTests.swift */,
				8D8E2748258C828B0044ECC4 /* Info.plist */,
			);
			path = TopNewsTests;
			sourceTree = "<group>";
		};
		8D8E2750258C828B0044ECC4 /* TopNewsUITests */ = {
			isa = PBXGroup;
			children = (
				8D8E2751258C828C0044ECC4 /* TopNewsUITests.swift */,
				8D8E2753258C828C0044ECC4 /* Info.plist */,
			);
			path = TopNewsUITests;
			sourceTree = "<group>";
		};
/* End PBXGroup section */

/* Begin PBXNativeTarget section */
		8D8E2728258C82870044ECC4 /* TopNews */ = {
			isa = PBXNativeTarget;
			buildConfigurationList = 8D8E2756258C828C0044ECC4 /* Build configuration list for PBXNativeTarget "TopNews" */;
			buildPhases = (
				8D8E2725258C82870044ECC4 /* Sources */,
				8D8E2726258C82870044ECC4 /* Frameworks */,
				8D8E2727258C82870044ECC4 /* Resources */,
			);
			buildRules = (
			);
			dependencies = (
			);
			name = TopNews;
			productName = TopNews;
			productReference = 8D8E2729258C82870044ECC4 /* TopNews.app */;
			productType = "com.apple.product-type.application";
		};
		8D8E2741258C828B0044ECC4 /* TopNewsTests */ = {
			isa = PBXNativeTarget;
			buildConfigurationList = 8D8E2759258C828C0044ECC4 /* Build configuration list for PBXNativeTarget "TopNewsTests" */;
			buildPhases = (
				8D8E273E258C828B0044ECC4 /* Sources */,
				8D8E273F258C828B0044ECC4 /* Frameworks */,
				8D8E2740258C828B0044ECC4 /* Resources */,
			);
			buildRules = (
			);
			dependencies = (
				8D8E2744258C828B0044ECC4 /* PBXTargetDependency */,
			);
			name = TopNewsTests;
			productName = TopNewsTests;
			productReference = 8D8E2742258C828B0044ECC4 /* TopNewsTests.xctest */;
			productType = "com.apple.product-type.bundle.unit-test";
		};
		8D8E274C258C828B0044ECC4 /* TopNewsUITests */ = {
			isa = PBXNativeTarget;
			buildConfigurationList = 8D8E275C258C828C0044ECC4 /* Build configuration list for PBXNativeTarget "TopNewsUITests" */;
			buildPhases = (
				8D8E2749258C828B0044ECC4 /* Sources */,
				8D8E274A258C828B0044ECC4 /* Frameworks */,
				8D8E274B258C828B0044ECC4 /* Resources */,
			);
			buildRules = (
			);
			dependencies = (
				8D8E274F258C828B0044ECC4 /* PBXTargetDependency */,
			);
			name = TopNewsUITests;
			productName = TopNewsUITests;
			productReference = 8D8E274D258C828B0044ECC4 /* TopNewsUITests.xctest */;
			productType = "com.apple.product-type.bundle.ui-testing";
		};
/* End PBXNativeTarget section */

/* Begin PBXProject section */
		8D8E2721258C82870044ECC4 /* Project object */ = {
			isa = PBXProject;
			attributes = {
				LastSwiftUpdateCheck = 1210;
				LastUpgradeCheck = 1210;
				TargetAttributes = {
					8D8E2728258C82870044ECC4 = {
						CreatedOnToolsVersion = 12.1;
					};
					8D8E2741258C828B0044ECC4 = {
						CreatedOnToolsVersion = 12.1;
						TestTargetID = 8D8E2728258C82870044ECC4;
					};
					8D8E274C258C828B0044ECC4 = {
						CreatedOnToolsVersion = 12.1;
						TestTargetID = 8D8E2728258C82870044ECC4;
					};
				};
			};
			buildConfigurationList = 8D8E2724258C82870044ECC4 /* Build configuration list for PBXProject "TopNews" */;
			compatibilityVersion = "Xcode 9.3";
			developmentRegion = en;
			hasScannedForEncodings = 0;
			knownRegions = (
				en,
				Base,
			);
			mainGroup = 8D8E2720258C82870044ECC4;
			productRefGroup = 8D8E272A258C82870044ECC4 /* Products */;
			projectDirPath = "";
			projectRoot = "";
			targets = (
				8D8E2728258C82870044ECC4 /* TopNews */,
				8D8E2741258C828B0044ECC4 /* TopNewsTests */,
				8D8E274C258C828B0044ECC4 /* TopNewsUITests */,
			);
		};
/* End PBXProject section */

/* Begin PBXResourcesBuildPhase section */
		8D8E2727258C82870044ECC4 /* Resources */ = {
			isa = PBXResourcesBuildPhase;
			buildActionMask = 2147483647;
			files = (
				8D8E273C258C828B0044ECC4 /* LaunchScreen.storyboard in Resources */,
				8D8E2739258C828B0044ECC4 /* Assets.xcassets in Resources */,
			);
			runOnlyForDeploymentPostprocessing = 0;
		};
		8D8E2740258C828B0044ECC4 /* Resources */ = {
			isa = PBXResourcesBuildPhase;
			buildActionMask = 2147483647;
			files = (
			);
			runOnlyForDeploymentPostprocessing = 0;
		};
		8D8E274B258C828B0044ECC4 /* Resources */ = {
			isa = PBXResourcesBuildPhase;
			buildActionMask = 2147483647;
			files = (
			);
			runOnlyForDeploymentPostprocessing = 0;
		};
/* End PBXResourcesBuildPhase section */

/* Begin PBXSourcesBuildPhase section */
		8D8E2725258C82870044ECC4 /* Sources */ = {
			isa = PBXSourcesBuildPhase;
			buildActionMask = 2147483647;
			files = (
				8D8E2737258C82870044ECC4 /* TopNews.xcdatamodeld in Sources */,
				8D8E276B258C98420044ECC4 /* CollectionViewController.swift in Sources */,
				8D8E2731258C82870044ECC4 /* ViewController.swift in Sources */,
				8D8E272D258C82870044ECC4 /* AppDelegate.swift in Sources */,
				8D8E2782258CAFB10044ECC4 /* NewsCell.swift in Sources */,
				8D8E278A258CBD2B0044ECC4 /* NewsDetailViewController.swift in Sources */,
				8D8E2792258CCF9C0044ECC4 /* WebViewController.swift in Sources */,
				8D8E272F258C82870044ECC4 /* SceneDelegate.swift in Sources */,
				8D8E2763258C89AC0044ECC4 /* NewsFedd.swift in Sources */,
				8D8E2770258C98520044ECC4 /* Extensions.swift in Sources */,
			);
			runOnlyForDeploymentPostprocessing = 0;
		};
		8D8E273E258C828B0044ECC4 /* Sources */ = {
			isa = PBXSourcesBuildPhase;
			buildActionMask = 2147483647;
			files = (
				8D8E2747258C828B0044ECC4 /* TopNewsTests.swift in Sources */,
			);
			runOnlyForDeploymentPostprocessing = 0;
		};
		8D8E2749258C828B0044ECC4 /* Sources */ = {
			isa = PBXSourcesBuildPhase;
			buildActionMask = 2147483647;
			files = (
				8D8E2752258C828C0044ECC4 /* TopNewsUITests.swift in Sources */,
			);
			runOnlyForDeploymentPostprocessing = 0;
		};
/* End PBXSourcesBuildPhase section */

/* Begin PBXTargetDependency section */
		8D8E2744258C828B0044ECC4 /* PBXTargetDependency */ = {
			isa = PBXTargetDependency;
			target = 8D8E2728258C82870044ECC4 /* TopNews */;
			targetProxy = 8D8E2743258C828B0044ECC4 /* PBXContainerItemProxy */;
		};
		8D8E274F258C828B0044ECC4 /* PBXTargetDependency */ = {
			isa = PBXTargetDependency;
			target = 8D8E2728258C82870044ECC4 /* TopNews */;
			targetProxy = 8D8E274E258C828B0044ECC4 /* PBXContainerItemProxy */;
		};
/* End PBXTargetDependency section */

/* Begin PBXVariantGroup section */
		8D8E273A258C828B0044ECC4 /* LaunchScreen.storyboard */ = {
			isa = PBXVariantGroup;
			children = (
				8D8E273B258C828B0044ECC4 /* Base */,
			);
			name = LaunchScreen.storyboard;
			sourceTree = "<group>";
		};
/* End PBXVariantGroup section */

/* Begin XCBuildConfiguration section */
		8D8E2754258C828C0044ECC4 /* Debug */ = {
			isa = XCBuildConfiguration;
			buildSettings = {
				ALWAYS_SEARCH_USER_PATHS = NO;
				CLANG_ANALYZER_NONNULL = YES;
				CLANG_ANALYZER_NUMBER_OBJECT_CONVERSION = YES_AGGRESSIVE;
				CLANG_CXX_LANGUAGE_STANDARD = "gnu++14";
				CLANG_CXX_LIBRARY = "libc++";
				CLANG_ENABLE_MODULES = YES;
				CLANG_ENABLE_OBJC_ARC = YES;
				CLANG_ENABLE_OBJC_WEAK = YES;
				CLANG_WARN_BLOCK_CAPTURE_AUTORELEASING = YES;
				CLANG_WARN_BOOL_CONVERSION = YES;
				CLANG_WARN_COMMA = YES;
				CLANG_WARN_CONSTANT_CONVERSION = YES;
				CLANG_WARN_DEPRECATED_OBJC_IMPLEMENTATIONS = YES;
				CLANG_WARN_DIRECT_OBJC_ISA_USAGE = YES_ERROR;
				CLANG_WARN_DOCUMENTATION_COMMENTS = YES;
				CLANG_WARN_EMPTY_BODY = YES;
				CLANG_WARN_ENUM_CONVERSION = YES;
				CLANG_WARN_INFINITE_RECURSION = YES;
				CLANG_WARN_INT_CONVERSION = YES;
				CLANG_WARN_NON_LITERAL_NULL_CONVERSION = YES;
				CLANG_WARN_OBJC_IMPLICIT_RETAIN_SELF = YES;
				CLANG_WARN_OBJC_LITERAL_CONVERSION = YES;
				CLANG_WARN_OBJC_ROOT_CLASS = YES_ERROR;
				CLANG_WARN_QUOTED_INCLUDE_IN_FRAMEWORK_HEADER = YES;
				CLANG_WARN_RANGE_LOOP_ANALYSIS = YES;
				CLANG_WARN_STRICT_PROTOTYPES = YES;
				CLANG_WARN_SUSPICIOUS_MOVE = YES;
				CLANG_WARN_UNGUARDED_AVAILABILITY = YES_AGGRESSIVE;
				CLANG_WARN_UNREACHABLE_CODE = YES;
				CLANG_WARN__DUPLICATE_METHOD_MATCH = YES;
				COPY_PHASE_STRIP = NO;
				DEBUG_INFORMATION_FORMAT = dwarf;
				ENABLE_STRICT_OBJC_MSGSEND = YES;
				ENABLE_TESTABILITY = YES;
				GCC_C_LANGUAGE_STANDARD = gnu11;
				GCC_DYNAMIC_NO_PIC = NO;
				GCC_NO_COMMON_BLOCKS = YES;
				GCC_OPTIMIZATION_LEVEL = 0;
				GCC_PREPROCESSOR_DEFINITIONS = (
					"DEBUG=1",
					"$(inherited)",
				);
				GCC_WARN_64_TO_32_BIT_CONVERSION = YES;
				GCC_WARN_ABOUT_RETURN_TYPE = YES_ERROR;
				GCC_WARN_UNDECLARED_SELECTOR = YES;
				GCC_WARN_UNINITIALIZED_AUTOS = YES_AGGRESSIVE;
				GCC_WARN_UNUSED_FUNCTION = YES;
				GCC_WARN_UNUSED_VARIABLE = YES;
				IPHONEOS_DEPLOYMENT_TARGET = 14.1;
				MTL_ENABLE_DEBUG_INFO = INCLUDE_SOURCE;
				MTL_FAST_MATH = YES;
				ONLY_ACTIVE_ARCH = YES;
				SDKROOT = iphoneos;
				SWIFT_ACTIVE_COMPILATION_CONDITIONS = DEBUG;
				SWIFT_OPTIMIZATION_LEVEL = "-Onone";
			};
			name = Debug;
		};
		8D8E2755258C828C0044ECC4 /* Release */ = {
			isa = XCBuildConfiguration;
			buildSettings = {
				ALWAYS_SEARCH_USER_PATHS = NO;
				CLANG_ANALYZER_NONNULL = YES;
				CLANG_ANALYZER_NUMBER_OBJECT_CONVERSION = YES_AGGRESSIVE;
				CLANG_CXX_LANGUAGE_STANDARD = "gnu++14";
				CLANG_CXX_LIBRARY = "libc++";
				CLANG_ENABLE_MODULES = YES;
				CLANG_ENABLE_OBJC_ARC = YES;
				CLANG_ENABLE_OBJC_WEAK = YES;
				CLANG_WARN_BLOCK_CAPTURE_AUTORELEASING = YES;
				CLANG_WARN_BOOL_CONVERSION = YES;
				CLANG_WARN_COMMA = YES;
				CLANG_WARN_CONSTANT_CONVERSION = YES;
				CLANG_WARN_DEPRECATED_OBJC_IMPLEMENTATIONS = YES;
				CLANG_WARN_DIRECT_OBJC_ISA_USAGE = YES_ERROR;
				CLANG_WARN_DOCUMENTATION_COMMENTS = YES;
				CLANG_WARN_EMPTY_BODY = YES;
				CLANG_WARN_ENUM_CONVERSION = YES;
				CLANG_WARN_INFINITE_RECURSION = YES;
				CLANG_WARN_INT_CONVERSION = YES;
				CLANG_WARN_NON_LITERAL_NULL_CONVERSION = YES;
				CLANG_WARN_OBJC_IMPLICIT_RETAIN_SELF = YES;
				CLANG_WARN_OBJC_LITERAL_CONVERSION = YES;
				CLANG_WARN_OBJC_ROOT_CLASS = YES_ERROR;
				CLANG_WARN_QUOTED_INCLUDE_IN_FRAMEWORK_HEADER = YES;
				CLANG_WARN_RANGE_LOOP_ANALYSIS = YES;
				CLANG_WARN_STRICT_PROTOTYPES = YES;
				CLANG_WARN_SUSPICIOUS_MOVE = YES;
				CLANG_WARN_UNGUARDED_AVAILABILITY = YES_AGGRESSIVE;
				CLANG_WARN_UNREACHABLE_CODE = YES;
				CLANG_WARN__DUPLICATE_METHOD_MATCH = YES;
				COPY_PHASE_STRIP = NO;
				DEBUG_INFORMATION_FORMAT = "dwarf-with-dsym";
				ENABLE_NS_ASSERTIONS = NO;
				ENABLE_STRICT_OBJC_MSGSEND = YES;
				GCC_C_LANGUAGE_STANDARD = gnu11;
				GCC_NO_COMMON_BLOCKS = YES;
				GCC_WARN_64_TO_32_BIT_CONVERSION = YES;
				GCC_WARN_ABOUT_RETURN_TYPE = YES_ERROR;
				GCC_WARN_UNDECLARED_SELECTOR = YES;
				GCC_WARN_UNINITIALIZED_AUTOS = YES_AGGRESSIVE;
				GCC_WARN_UNUSED_FUNCTION = YES;
				GCC_WARN_UNUSED_VARIABLE = YES;
				IPHONEOS_DEPLOYMENT_TARGET = 14.1;
				MTL_ENABLE_DEBUG_INFO = NO;
				MTL_FAST_MATH = YES;
				SDKROOT = iphoneos;
				SWIFT_COMPILATION_MODE = wholemodule;
				SWIFT_OPTIMIZATION_LEVEL = "-O";
				VALIDATE_PRODUCT = YES;
			};
			name = Release;
		};
		8D8E2757258C828C0044ECC4 /* Debug */ = {
			isa = XCBuildConfiguration;
			buildSettings = {
				ASSETCATALOG_COMPILER_APPICON_NAME = AppIcon;
				ASSETCATALOG_COMPILER_GLOBAL_ACCENT_COLOR_NAME = AccentColor;
				CODE_SIGN_STYLE = Automatic;
				DEVELOPMENT_TEAM = G879XHMX6G;
				INFOPLIST_FILE = TopNews/Info.plist;
				LD_RUNPATH_SEARCH_PATHS = (
					"$(inherited)",
					"@executable_path/Frameworks",
				);
				PRODUCT_BUNDLE_IDENTIFIER = tushar.firstapp.TopNews;
				PRODUCT_NAME = "$(TARGET_NAME)";
				SWIFT_VERSION = 5.0;
				TARGETED_DEVICE_FAMILY = "1,2";
			};
			name = Debug;
		};
		8D8E2758258C828C0044ECC4 /* Release */ = {
			isa = XCBuildConfiguration;
			buildSettings = {
				ASSETCATALOG_COMPILER_APPICON_NAME = AppIcon;
				ASSETCATALOG_COMPILER_GLOBAL_ACCENT_COLOR_NAME = AccentColor;
				CODE_SIGN_STYLE = Automatic;
				DEVELOPMENT_TEAM = G879XHMX6G;
				INFOPLIST_FILE = TopNews/Info.plist;
				LD_RUNPATH_SEARCH_PATHS = (
					"$(inherited)",
					"@executable_path/Frameworks",
				);
				PRODUCT_BUNDLE_IDENTIFIER = tushar.firstapp.TopNews;
				PRODUCT_NAME = "$(TARGET_NAME)";
				SWIFT_VERSION = 5.0;
				TARGETED_DEVICE_FAMILY = "1,2";
			};
			name = Release;
		};
		8D8E275A258C828C0044ECC4 /* Debug */ = {
			isa = XCBuildConfiguration;
			buildSettings = {
				ALWAYS_EMBED_SWIFT_STANDARD_LIBRARIES = YES;
				BUNDLE_LOADER = "$(TEST_HOST)";
				CODE_SIGN_STYLE = Automatic;
				DEVELOPMENT_TEAM = G879XHMX6G;
				INFOPLIST_FILE = TopNewsTests/Info.plist;
				IPHONEOS_DEPLOYMENT_TARGET = 14.1;
				LD_RUNPATH_SEARCH_PATHS = (
					"$(inherited)",
					"@executable_path/Frameworks",
					"@loader_path/Frameworks",
				);
				PRODUCT_BUNDLE_IDENTIFIER = tushar.firstapp.TopNewsTests;
				PRODUCT_NAME = "$(TARGET_NAME)";
				SWIFT_VERSION = 5.0;
				TARGETED_DEVICE_FAMILY = "1,2";
				TEST_HOST = "$(BUILT_PRODUCTS_DIR)/TopNews.app/TopNews";
			};
			name = Debug;
		};
		8D8E275B258C828C0044ECC4 /* Release */ = {
			isa = XCBuildConfiguration;
			buildSettings = {
				ALWAYS_EMBED_SWIFT_STANDARD_LIBRARIES = YES;
				BUNDLE_LOADER = "$(TEST_HOST)";
				CODE_SIGN_STYLE = Automatic;
				DEVELOPMENT_TEAM = G879XHMX6G;
				INFOPLIST_FILE = TopNewsTests/Info.plist;
				IPHONEOS_DEPLOYMENT_TARGET = 14.1;
				LD_RUNPATH_SEARCH_PATHS = (
					"$(inherited)",
					"@executable_path/Frameworks",
					"@loader_path/Frameworks",
				);
				PRODUCT_BUNDLE_IDENTIFIER = tushar.firstapp.TopNewsTests;
				PRODUCT_NAME = "$(TARGET_NAME)";
				SWIFT_VERSION = 5.0;
				TARGETED_DEVICE_FAMILY = "1,2";
				TEST_HOST = "$(BUILT_PRODUCTS_DIR)/TopNews.app/TopNews";
			};
			name = Release;
		};
		8D8E275D258C828C0044ECC4 /* Debug */ = {
			isa = XCBuildConfiguration;
			buildSettings = {
				ALWAYS_EMBED_SWIFT_STANDARD_LIBRARIES = YES;
				CODE_SIGN_STYLE = Automatic;
				DEVELOPMENT_TEAM = G879XHMX6G;
				INFOPLIST_FILE = TopNewsUITests/Info.plist;
				LD_RUNPATH_SEARCH_PATHS = (
					"$(inherited)",
					"@executable_path/Frameworks",
					"@loader_path/Frameworks",
				);
				PRODUCT_BUNDLE_IDENTIFIER = tushar.firstapp.TopNewsUITests;
				PRODUCT_NAME = "$(TARGET_NAME)";
				SWIFT_VERSION = 5.0;
				TARGETED_DEVICE_FAMILY = "1,2";
				TEST_TARGET_NAME = TopNews;
			};
			name = Debug;
		};
		8D8E275E258C828C0044ECC4 /* Release */ = {
			isa = XCBuildConfiguration;
			buildSettings = {
				ALWAYS_EMBED_SWIFT_STANDARD_LIBRARIES = YES;
				CODE_SIGN_STYLE = Automatic;
				DEVELOPMENT_TEAM = G879XHMX6G;
				INFOPLIST_FILE = TopNewsUITests/Info.plist;
				LD_RUNPATH_SEARCH_PATHS = (
					"$(inherited)",
					"@executable_path/Frameworks",
					"@loader_path/Frameworks",
				);
				PRODUCT_BUNDLE_IDENTIFIER = tushar.firstapp.TopNewsUITests;
				PRODUCT_NAME = "$(TARGET_NAME)";
				SWIFT_VERSION = 5.0;
				TARGETED_DEVICE_FAMILY = "1,2";
				TEST_TARGET_NAME = TopNews;
			};
			name = Release;
		};
/* End XCBuildConfiguration section */

/* Begin XCConfigurationList section */
		8D8E2724258C82870044ECC4 /* Build configuration list for PBXProject "TopNews" */ = {
			isa = XCConfigurationList;
			buildConfigurations = (
				8D8E2754258C828C0044ECC4 /* Debug */,
				8D8E2755258C828C0044ECC4 /* Release */,
			);
			defaultConfigurationIsVisible = 0;
			defaultConfigurationName = Release;
		};
		8D8E2756258C828C0044ECC4 /* Build configuration list for PBXNativeTarget "TopNews" */ = {
			isa = XCConfigurationList;
			buildConfigurations = (
				8D8E2757258C828C0044ECC4 /* Debug */,
				8D8E2758258C828C0044ECC4 /* Release */,
			);
			defaultConfigurationIsVisible = 0;
			defaultConfigurationName = Release;
		};
		8D8E2759258C828C0044ECC4 /* Build configuration list for PBXNativeTarget "TopNewsTests" */ = {
			isa = XCConfigurationList;
			buildConfigurations = (
				8D8E275A258C828C0044ECC4 /* Debug */,
				8D8E275B258C828C0044ECC4 /* Release */,
			);
			defaultConfigurationIsVisible = 0;
			defaultConfigurationName = Release;
		};
		8D8E275C258C828C0044ECC4 /* Build configuration list for PBXNativeTarget "TopNewsUITests" */ = {
			isa = XCConfigurationList;
			buildConfigurations = (
				8D8E275D258C828C0044ECC4 /* Debug */,
				8D8E275E258C828C0044ECC4 /* Release */,
			);
			defaultConfigurationIsVisible = 0;
			defaultConfigurationName = Release;
		};
/* End XCConfigurationList section */

/* Begin XCVersionGroup section */
		8D8E2735258C82870044ECC4 /* TopNews.xcdatamodeld */ = {
			isa = XCVersionGroup;
			children = (
				8D8E2736258C82870044ECC4 /* TopNews.xcdatamodel */,
			);
			currentVersion = 8D8E2736258C82870044ECC4 /* TopNews.xcdatamodel */;
			path = TopNews.xcdatamodeld;
			sourceTree = "<group>";
			versionGroupType = wrapper.xcdatamodel;
		};
/* End XCVersionGroup section */
	};
	rootObject = 8D8E2721258C82870044ECC4 /* Project object */;
}
